
Microsoft Visual Studio Solution File, Format Version 12.00
# Visual Studio Version 17
VisualStudioVersion = 17.11.35222.181
MinimumVisualStudioVersion = 10.0.40219.1
Project("{8BC9CEB8-8B4A-11D0-8D11-00A0C91BC942}") = "Week.9", "Week.9\Week.9.vcxproj", "{817DB117-EE1E-4BDA-A2D9-BF9E2D44CCF2}"
EndProject
Project("{8BC9CEB8-8B4A-11D0-8D11-00A0C91BC942}") = "Week.1", "Week.1\Week_1.vcxproj", "{57561BA9-16FB-4F07-9E85-E12C5D805DFC}"
EndProject
Project("{8BC9CEB8-8B4A-11D0-8D11-00A0C91BC942}") = "Week.2", "Week.2\Week.2.vcxproj", "{F6ADD99F-37C9-463A-AE00-FDE43525A19F}"
EndProject
Project("{8BC9CEB8-8B4A-11D0-8D11-00A0C91BC942}") = "Week.3", "Week.3\Week.3.vcxproj", "{7FFB6B05-9F5D-4B9E-97E9-EE2BE0AFEE44}"
EndProject
Project("{8BC9CEB8-8B4A-11D0-8D11-00A0C91BC942}") = "Week.5", "Week.5\Week.5.vcxproj", "{4FE79307-90D3-4291-8CC3-F261429ED72D}"
EndProject
Project("{8BC9CEB8-8B4A-11D0-8D11-00A0C91BC942}") = "Week.6", "Week.6\Week.6.vcxproj", "{5EEE6CCF-57A4-420D-8DCA-7ED2BE881184}"
EndProject
Project("{8BC9CEB8-8B4A-11D0-8D11-00A0C91BC942}") = "Week.7", "Week.7\Week.7.vcxproj", "{18BF28A4-6CBD-4FB1-B4EF-FBA3CB2E4F41}"
EndProject
Project("{8BC9CEB8-8B4A-11D0-8D11-00A0C91BC942}") = "Week.4", "Week.4\Week.4.vcxproj", "{218B530C-D8AE-4D25-B2C9-A9DECF5C8EBF}"
EndProject
Project("{8BC9CEB8-8B4A-11D0-8D11-00A0C91BC942}") = "Week.10", "Week.10\Week.10.vcxproj", "{3953E66D-B3F9-4E2D-BB85-411C47CF0F2F}"
EndProject
Project("{8BC9CEB8-8B4A-11D0-8D11-00A0C91BC942}") = "Week.11", "Week.11\Week.11.vcxproj", "{68A16EEB-EEE1-43C3-81B6-1846C64603C9}"
EndProject
Global
	GlobalSection(SolutionConfigurationPlatforms) = preSolution
		Debug|x64 = Debug|x64
		Debug|x86 = Debug|x86
		Release|x64 = Release|x64
		Release|x86 = Release|x86
	EndGlobalSection
	GlobalSection(ProjectConfigurationPlatforms) = postSolution
		{817DB117-EE1E-4BDA-A2D9-BF9E2D44CCF2}.Debug|x64.ActiveCfg = Debug|x64
		{817DB117-EE1E-4BDA-A2D9-BF9E2D44CCF2}.Debug|x64.Build.0 = Debug|x64
		{817DB117-EE1E-4BDA-A2D9-BF9E2D44CCF2}.Debug|x86.ActiveCfg = Debug|Win32
		{817DB117-EE1E-4BDA-A2D9-BF9E2D44CCF2}.Debug|x86.Build.0 = Debug|Win32
		{817DB117-EE1E-4BDA-A2D9-BF9E2D44CCF2}.Release|x64.ActiveCfg = Release|x64
		{817DB117-EE1E-4BDA-A2D9-BF9E2D44CCF2}.Release|x64.Build.0 = Release|x64
		{817DB117-EE1E-4BDA-A2D9-BF9E2D44CCF2}.Release|x86.ActiveCfg = Release|Win32
		{817DB117-EE1E-4BDA-A2D9-BF9E2D44CCF2}.Release|x86.Build.0 = Release|Win32
		{57561BA9-16FB-4F07-9E85-E12C5D805DFC}.Debug|x64.ActiveCfg = Debug|x64
		{57561BA9-16FB-4F07-9E85-E12C5D805DFC}.Debug|x64.Build.0 = Debug|x64
		{57561BA9-16FB-4F07-9E85-E12C5D805DFC}.Debug|x86.ActiveCfg = Debug|Win32
		{57561BA9-16FB-4F07-9E85-E12C5D805DFC}.Debug|x86.Build.0 = Debug|Win32
		{57561BA9-16FB-4F07-9E85-E12C5D805DFC}.Release|x64.ActiveCfg = Release|x64
		{57561BA9-16FB-4F07-9E85-E12C5D805DFC}.Release|x64.Build.0 = Release|x64
		{57561BA9-16FB-4F07-9E85-E12C5D805DFC}.Release|x86.ActiveCfg = Release|Win32
		{57561BA9-16FB-4F07-9E85-E12C5D805DFC}.Release|x86.Build.0 = Release|Win32
		{F6ADD99F-37C9-463A-AE00-FDE43525A19F}.Debug|x64.ActiveCfg = Debug|x64
		{F6ADD99F-37C9-463A-AE00-FDE43525A19F}.Debug|x64.Build.0 = Debug|x64
		{F6ADD99F-37C9-463A-AE00-FDE43525A19F}.Debug|x86.ActiveCfg = Debug|Win32
		{F6ADD99F-37C9-463A-AE00-FDE43525A19F}.Debug|x86.Build.0 = Debug|Win32
		{F6ADD99F-37C9-463A-AE00-FDE43525A19F}.Release|x64.ActiveCfg = Release|x64
		{F6ADD99F-37C9-463A-AE00-FDE43525A19F}.Release|x64.Build.0 = Release|x64
		{F6ADD99F-37C9-463A-AE00-FDE43525A19F}.Release|x86.ActiveCfg = Release|Win32
		{F6ADD99F-37C9-463A-AE00-FDE43525A19F}.Release|x86.Build.0 = Release|Win32
		{7FFB6B05-9F5D-4B9E-97E9-EE2BE0AFEE44}.Debug|x64.ActiveCfg = Debug|x64
		{7FFB6B05-9F5D-4B9E-97E9-EE2BE0AFEE44}.Debug|x64.Build.0 = Debug|x64
		{7FFB6B05-9F5D-4B9E-97E9-EE2BE0AFEE44}.Debug|x86.ActiveCfg = Debug|Win32
		{7FFB6B05-9F5D-4B9E-97E9-EE2BE0AFEE44}.Debug|x86.Build.0 = Debug|Win32
		{7FFB6B05-9F5D-4B9E-97E9-EE2BE0AFEE44}.Release|x64.ActiveCfg = Release|x64
		{7FFB6B05-9F5D-4B9E-97E9-EE2BE0AFEE44}.Release|x64.Build.0 = Release|x64
		{7FFB6B05-9F5D-4B9E-97E9-EE2BE0AFEE44}.Release|x86.ActiveCfg = Release|Win32
		{7FFB6B05-9F5D-4B9E-97E9-EE2BE0AFEE44}.Release|x86.Build.0 = Release|Win32
		{4FE79307-90D3-4291-8CC3-F261429ED72D}.Debug|x64.ActiveCfg = Debug|x64
		{4FE79307-90D3-4291-8CC3-F261429ED72D}.Debug|x64.Build.0 = Debug|x64
		{4FE79307-90D3-4291-8CC3-F261429ED72D}.Debug|x86.ActiveCfg = Debug|Win32
		{4FE79307-90D3-4291-8CC3-F261429ED72D}.Debug|x86.Build.0 = Debug|Win32
		{4FE79307-90D3-4291-8CC3-F261429ED72D}.Release|x64.ActiveCfg = Release|x64
		{4FE79307-90D3-4291-8CC3-F261429ED72D}.Release|x64.Build.0 = Release|x64
		{4FE79307-90D3-4291-8CC3-F261429ED72D}.Release|x86.ActiveCfg = Release|Win32
		{4FE79307-90D3-4291-8CC3-F261429ED72D}.Release|x86.Build.0 = Release|Win32
		{5EEE6CCF-57A4-420D-8DCA-7ED2BE881184}.Debug|x64.ActiveCfg = Debug|x64
		{5EEE6CCF-57A4-420D-8DCA-7ED2BE881184}.Debug|x64.Build.0 = Debug|x64
		{5EEE6CCF-57A4-420D-8DCA-7ED2BE881184}.Debug|x86.ActiveCfg = Debug|Win32
		{5EEE6CCF-57A4-420D-8DCA-7ED2BE881184}.Debug|x86.Build.0 = Debug|Win32
		{5EEE6CCF-57A4-420D-8DCA-7ED2BE881184}.Release|x64.ActiveCfg = Release|x64
		{5EEE6CCF-57A4-420D-8DCA-7ED2BE881184}.Release|x64.Build.0 = Release|x64
		{5EEE6CCF-57A4-420D-8DCA-7ED2BE881184}.Release|x86.ActiveCfg = Release|Win32
		{5EEE6CCF-57A4-420D-8DCA-7ED2BE881184}.Release|x86.Build.0 = Release|Win32
		{18BF28A4-6CBD-4FB1-B4EF-FBA3CB2E4F41}.Debug|x64.ActiveCfg = Debug|x64
		{18BF28A4-6CBD-4FB1-B4EF-FBA3CB2E4F41}.Debug|x64.Build.0 = Debug|x64
		{18BF28A4-6CBD-4FB1-B4EF-FBA3CB2E4F41}.Debug|x86.ActiveCfg = Debug|Win32
		{18BF28A4-6CBD-4FB1-B4EF-FBA3CB2E4F41}.Debug|x86.Build.0 = Debug|Win32
		{18BF28A4-6CBD-4FB1-B4EF-FBA3CB2E4F41}.Release|x64.ActiveCfg = Release|x64
		{18BF28A4-6CBD-4FB1-B4EF-FBA3CB2E4F41}.Release|x64.Build.0 = Release|x64
		{18BF28A4-6CBD-4FB1-B4EF-FBA3CB2E4F41}.Release|x86.ActiveCfg = Release|Win32
		{18BF28A4-6CBD-4FB1-B4EF-FBA3CB2E4F41}.Release|x86.Build.0 = Release|Win32
		{218B530C-D8AE-4D25-B2C9-A9DECF5C8EBF}.Debug|x64.ActiveCfg = Debug|x64
		{218B530C-D8AE-4D25-B2C9-A9DECF5C8EBF}.Debug|x64.Build.0 = Debug|x64
		{218B530C-D8AE-4D25-B2C9-A9DECF5C8EBF}.Debug|x86.ActiveCfg = Debug|Win32
		{218B530C-D8AE-4D25-B2C9-A9DECF5C8EBF}.Debug|x86.Build.0 = Debug|Win32
		{218B530C-D8AE-4D25-B2C9-A9DECF5C8EBF}.Release|x64.ActiveCfg = Release|x64
		{218B530C-D8AE-4D25-B2C9-A9DECF5C8EBF}.Release|x64.Build.0 = Release|x64
		{218B530C-D8AE-4D25-B2C9-A9DECF5C8EBF}.Release|x86.ActiveCfg = Release|Win32
		{218B530C-D8AE-4D25-B2C9-A9DECF5C8EBF}.Release|x86.Build.0 = Release|Win32
		{3953E66D-B3F9-4E2D-BB85-411C47CF0F2F}.Debug|x64.ActiveCfg = Debug|x64
		{3953E66D-B3F9-4E2D-BB85-411C47CF0F2F}.Debug|x64.Build.0 = Debug|x64
		{3953E66D-B3F9-4E2D-BB85-411C47CF0F2F}.Debug|x86.ActiveCfg = Debug|Win32
		{3953E66D-B3F9-4E2D-BB85-411C47CF0F2F}.Debug|x86.Build.0 = Debug|Win32
		{3953E66D-B3F9-4E2D-BB85-411C47CF0F2F}.Release|x64.ActiveCfg = Release|x64
		{3953E66D-B3F9-4E2D-BB85-411C47CF0F2F}.Release|x64.Build.0 = Release|x64
		{3953E66D-B3F9-4E2D-BB85-411C47CF0F2F}.Release|x86.ActiveCfg = Release|Win32
		{3953E66D-B3F9-4E2D-BB85-411C47CF0F2F}.Release|x86.Build.0 = Release|Win32
		{68A16EEB-EEE1-43C3-81B6-1846C64603C9}.Debug|x64.ActiveCfg = Debug|x64
		{68A16EEB-EEE1-43C3-81B6-1846C64603C9}.Debug|x64.Build.0 = Debug|x64
		{68A16EEB-EEE1-43C3-81B6-1846C64603C9}.Debug|x86.ActiveCfg = Debug|Win32
		{68A16EEB-EEE1-43C3-81B6-1846C64603C9}.Debug|x86.Build.0 = Debug|Win32
		{68A16EEB-EEE1-43C3-81B6-1846C64603C9}.Release|x64.ActiveCfg = Release|x64
		{68A16EEB-EEE1-43C3-81B6-1846C64603C9}.Release|x64.Build.0 = Release|x64
		{68A16EEB-EEE1-43C3-81B6-1846C64603C9}.Release|x86.ActiveCfg = Release|Win32
		{68A16EEB-EEE1-43C3-81B6-1846C64603C9}.Release|x86.Build.0 = Release|Win32
	EndGlobalSection
	GlobalSection(SolutionProperties) = preSolution
		HideSolutionNode = FALSE
	EndGlobalSection
	GlobalSection(ExtensibilityGlobals) = postSolution
		SolutionGuid = {6B435EA5-7769-4D45-A1FC-DD6151F76D0C}
	EndGlobalSection
EndGlobal
